
Microsoft Visual Studio Solution File, Format Version 12.00
# Visual Studio Version 17
VisualStudioVersion = 17.7.34221.43
MinimumVisualStudioVersion = 10.0.40219.1
Project("{9A19103F-16F7-4668-BE54-9A1E7A4F7556}") = "Sakila.API", "Sakila.API\Sakila.API.csproj", "{0A5731F3-949E-4776-94D0-F677528AA04A}"
EndProject
Project("{9A19103F-16F7-4668-BE54-9A1E7A4F7556}") = "Sakila.Core", "Sakila.Core\Sakila.Core.csproj", "{657C52CC-F1EA-4214-BE78-BF48006A788C}"
EndProject
Project("{9A19103F-16F7-4668-BE54-9A1E7A4F7556}") = "Sakila.Infrastructure", "Sakila.Infrastructure\Sakila.Infrastructure.csproj", "{47B96BA8-876A-4772-BB5B-9F9709834AC6}"
EndProject
Global
	GlobalSection(SolutionConfigurationPlatforms) = preSolution
		Debug|Any CPU = Debug|Any CPU
		Release|Any CPU = Release|Any CPU
	EndGlobalSection
	GlobalSection(ProjectConfigurationPlatforms) = postSolution
		{0A5731F3-949E-4776-94D0-F677528AA04A}.Debug|Any CPU.ActiveCfg = Debug|Any CPU
		{0A5731F3-949E-4776-94D0-F677528AA04A}.Debug|Any CPU.Build.0 = Debug|Any CPU
		{0A5731F3-949E-4776-94D0-F677528AA04A}.Release|Any CPU.ActiveCfg = Release|Any CPU
		{0A5731F3-949E-4776-94D0-F677528AA04A}.Release|Any CPU.Build.0 = Release|Any CPU
		{657C52CC-F1EA-4214-BE78-BF48006A788C}.Debug|Any CPU.ActiveCfg = Debug|Any CPU
		{657C52CC-F1EA-4214-BE78-BF48006A788C}.Debug|Any CPU.Build.0 = Debug|Any CPU
		{657C52CC-F1EA-4214-BE78-BF48006A788C}.Release|Any CPU.ActiveCfg = Release|Any CPU
		{657C52CC-F1EA-4214-BE78-BF48006A788C}.Release|Any CPU.Build.0 = Release|Any CPU
		{47B96BA8-876A-4772-BB5B-9F9709834AC6}.Debug|Any CPU.ActiveCfg = Debug|Any CPU
		{47B96BA8-876A-4772-BB5B-9F9709834AC6}.Debug|Any CPU.Build.0 = Debug|Any CPU
		{47B96BA8-876A-4772-BB5B-9F9709834AC6}.Release|Any CPU.ActiveCfg = Release|Any CPU
		{47B96BA8-876A-4772-BB5B-9F9709834AC6}.Release|Any CPU.Build.0 = Release|Any CPU
	EndGlobalSection
	GlobalSection(SolutionProperties) = preSolution
		HideSolutionNode = FALSE
	EndGlobalSection
	GlobalSection(ExtensibilityGlobals) = postSolution
		SolutionGuid = {CD141D08-B5EE-4207-9236-0715D41A2382}
	EndGlobalSection
EndGlobal
